// !$*UTF8*$!
{
	archiveVersion = 1;
	classes = {
	};
	objectVersion = 56;
	objects = {

/* Begin PBXBuildFile section */
		796F053B2B664CE9002889BF /* AppDelegate.swift in Sources */ = {isa = PBXBuildFile; fileRef = 796F053A2B664CE9002889BF /* AppDelegate.swift */; };
		796F053D2B664CE9002889BF /* SceneDelegate.swift in Sources */ = {isa = PBXBuildFile; fileRef = 796F053C2B664CE9002889BF /* SceneDelegate.swift */; };
		796F053F2B664CE9002889BF /* HomeViewController.swift in Sources */ = {isa = PBXBuildFile; fileRef = 796F053E2B664CE9002889BF /* HomeViewController.swift */; };
		796F05442B664CEA002889BF /* Assets.xcassets in Resources */ = {isa = PBXBuildFile; fileRef = 796F05432B664CEA002889BF /* Assets.xcassets */; };
		796F05472B664CEA002889BF /* LaunchScreen.storyboard in Resources */ = {isa = PBXBuildFile; fileRef = 796F05452B664CEA002889BF /* LaunchScreen.storyboard */; };
		796F055B2B665159002889BF /* NetworkManager.swift in Sources */ = {isa = PBXBuildFile; fileRef = 796F055A2B665159002889BF /* NetworkManager.swift */; };
		796F055D2B6652A9002889BF /* NetworkError.swift in Sources */ = {isa = PBXBuildFile; fileRef = 796F055C2B6652A9002889BF /* NetworkError.swift */; };
		796F055F2B6658B9002889BF /* HTTPMethod.swift in Sources */ = {isa = PBXBuildFile; fileRef = 796F055E2B6658B9002889BF /* HTTPMethod.swift */; };
		796F05612B666957002889BF /* PostModel.swift in Sources */ = {isa = PBXBuildFile; fileRef = 796F05602B666957002889BF /* PostModel.swift */; };
		796F05632B666970002889BF /* HomeService.swift in Sources */ = {isa = PBXBuildFile; fileRef = 796F05622B666970002889BF /* HomeService.swift */; };
		796F05652B66770A002889BF /* NetworkEndpoints.swift in Sources */ = {isa = PBXBuildFile; fileRef = 796F05642B66770A002889BF /* NetworkEndpoints.swift */; };
		796F05682B6678B9002889BF /* CommentModel.swift in Sources */ = {isa = PBXBuildFile; fileRef = 796F05672B6678B9002889BF /* CommentModel.swift */; };
		796F056A2B6684CF002889BF /* HomeViewModel.swift in Sources */ = {isa = PBXBuildFile; fileRef = 796F05692B6684CF002889BF /* HomeViewModel.swift */; };
		796F056C2B668B06002889BF /* StateEnum.swift in Sources */ = {isa = PBXBuildFile; fileRef = 796F056B2B668B06002889BF /* StateEnum.swift */; };
/* End PBXBuildFile section */

/* Begin PBXFileReference section */
		796F05372B664CE9002889BF /* MVVM-Network.app */ = {isa = PBXFileReference; explicitFileType = wrapper.application; includeInIndex = 0; path = "MVVM-Network.app"; sourceTree = BUILT_PRODUCTS_DIR; };
		796F053A2B664CE9002889BF /* AppDelegate.swift */ = {isa = PBXFileReference; lastKnownFileType = sourcecode.swift; path = AppDelegate.swift; sourceTree = "<group>"; };
		796F053C2B664CE9002889BF /* SceneDelegate.swift */ = {isa = PBXFileReference; lastKnownFileType = sourcecode.swift; path = SceneDelegate.swift; sourceTree = "<group>"; };
		796F053E2B664CE9002889BF /* HomeViewController.swift */ = {isa = PBXFileReference; lastKnownFileType = sourcecode.swift; path = HomeViewController.swift; sourceTree = "<group>"; };
		796F05432B664CEA002889BF /* Assets.xcassets */ = {isa = PBXFileReference; lastKnownFileType = folder.assetcatalog; path = Assets.xcassets; sourceTree = "<group>"; };
		796F05462B664CEA002889BF /* Base */ = {isa = PBXFileReference; lastKnownFileType = file.storyboard; name = Base; path = Base.lproj/LaunchScreen.storyboard; sourceTree = "<group>"; };
		796F05482B664CEA002889BF /* Info.plist */ = {isa = PBXFileReference; lastKnownFileType = text.plist.xml; path = Info.plist; sourceTree = "<group>"; };
		796F055A2B665159002889BF /* NetworkManager.swift */ = {isa = PBXFileReference; lastKnownFileType = sourcecode.swift; path = NetworkManager.swift; sourceTree = "<group>"; };
		796F055C2B6652A9002889BF /* NetworkError.swift */ = {isa = PBXFileReference; lastKnownFileType = sourcecode.swift; path = NetworkError.swift; sourceTree = "<group>"; };
		796F055E2B6658B9002889BF /* HTTPMethod.swift */ = {isa = PBXFileReference; lastKnownFileType = sourcecode.swift; path = HTTPMethod.swift; sourceTree = "<group>"; };
		796F05602B666957002889BF /* PostModel.swift */ = {isa = PBXFileReference; lastKnownFileType = sourcecode.swift; path = PostModel.swift; sourceTree = "<group>"; };
		796F05622B666970002889BF /* HomeService.swift */ = {isa = PBXFileReference; lastKnownFileType = sourcecode.swift; path = HomeService.swift; sourceTree = "<group>"; };
		796F05642B66770A002889BF /* NetworkEndpoints.swift */ = {isa = PBXFileReference; lastKnownFileType = sourcecode.swift; path = NetworkEndpoints.swift; sourceTree = "<group>"; };
		796F05672B6678B9002889BF /* CommentModel.swift */ = {isa = PBXFileReference; lastKnownFileType = sourcecode.swift; path = CommentModel.swift; sourceTree = "<group>"; };
		796F05692B6684CF002889BF /* HomeViewModel.swift */ = {isa = PBXFileReference; lastKnownFileType = sourcecode.swift; path = HomeViewModel.swift; sourceTree = "<group>"; };
		796F056B2B668B06002889BF /* StateEnum.swift */ = {isa = PBXFileReference; lastKnownFileType = sourcecode.swift; path = StateEnum.swift; sourceTree = "<group>"; };
/* End PBXFileReference section */

/* Begin PBXFrameworksBuildPhase section */
		796F05342B664CE9002889BF /* Frameworks */ = {
			isa = PBXFrameworksBuildPhase;
			buildActionMask = 2147483647;
			files = (
			);
			runOnlyForDeploymentPostprocessing = 0;
		};
/* End PBXFrameworksBuildPhase section */

/* Begin PBXGroup section */
		796F052E2B664CE9002889BF = {
			isa = PBXGroup;
			children = (
				796F05392B664CE9002889BF /* MVVM-Network */,
				796F05382B664CE9002889BF /* Products */,
			);
			sourceTree = "<group>";
		};
		796F05382B664CE9002889BF /* Products */ = {
			isa = PBXGroup;
			children = (
				796F05372B664CE9002889BF /* MVVM-Network.app */,
			);
			name = Products;
			sourceTree = "<group>";
		};
		796F05392B664CE9002889BF /* MVVM-Network */ = {
			isa = PBXGroup;
			children = (
				796F05532B665039002889BF /* Supporting Files */,
				796F05522B664F04002889BF /* Services */,
				796F05512B664EEB002889BF /* Utilities */,
				796F054F2B664DFD002889BF /* Core */,
				796F054E2B664DE8002889BF /* Scenes */,
				796F05482B664CEA002889BF /* Info.plist */,
			);
			path = "MVVM-Network";
			sourceTree = "<group>";
		};
		796F054E2B664DE8002889BF /* Scenes */ = {
			isa = PBXGroup;
			children = (
				796F05552B665060002889BF /* Commets */,
				796F05542B665059002889BF /* Home */,
			);
			path = Scenes;
			sourceTree = "<group>";
		};
		796F054F2B664DFD002889BF /* Core */ = {
			isa = PBXGroup;
			children = (
			);
			path = Core;
			sourceTree = "<group>";
		};
		796F05512B664EEB002889BF /* Utilities */ = {
			isa = PBXGroup;
			children = (
				796F05642B66770A002889BF /* NetworkEndpoints.swift */,
				796F056B2B668B06002889BF /* StateEnum.swift */,
			);
			path = Utilities;
			sourceTree = "<group>";
		};
		796F05522B664F04002889BF /* Services */ = {
			isa = PBXGroup;
			children = (
				796F055A2B665159002889BF /* NetworkManager.swift */,
				796F055C2B6652A9002889BF /* NetworkError.swift */,
				796F055E2B6658B9002889BF /* HTTPMethod.swift */,
			);
			path = Services;
			sourceTree = "<group>";
		};
		796F05532B665039002889BF /* Supporting Files */ = {
			isa = PBXGroup;
			children = (
				796F053A2B664CE9002889BF /* AppDelegate.swift */,
				796F053C2B664CE9002889BF /* SceneDelegate.swift */,
				796F05452B664CEA002889BF /* LaunchScreen.storyboard */,
				796F05432B664CEA002889BF /* Assets.xcassets */,
			);
			name = "Supporting Files";
			sourceTree = "<group>";
		};
		796F05542B665059002889BF /* Home */ = {
			isa = PBXGroup;
			children = (
				796F05592B6650A5002889BF /* Service */,
				796F05582B66509F002889BF /* ViewModel */,
				796F05572B665096002889BF /* View */,
				796F05562B66508B002889BF /* Model */,
			);
			path = Home;
			sourceTree = "<group>";
		};
		796F05552B665060002889BF /* Commets */ = {
			isa = PBXGroup;
			children = (
				796F05662B6678AE002889BF /* Model */,
			);
			path = Commets;
			sourceTree = "<group>";
		};
		796F05562B66508B002889BF /* Model */ = {
			isa = PBXGroup;
			children = (
				796F05602B666957002889BF /* PostModel.swift */,
			);
			path = Model;
			sourceTree = "<group>";
		};
		796F05572B665096002889BF /* View */ = {
			isa = PBXGroup;
			children = (
				796F053E2B664CE9002889BF /* HomeViewController.swift */,
			);
			path = View;
			sourceTree = "<group>";
		};
		796F05582B66509F002889BF /* ViewModel */ = {
			isa = PBXGroup;
			children = (
				796F05692B6684CF002889BF /* HomeViewModel.swift */,
			);
			path = ViewModel;
			sourceTree = "<group>";
		};
		796F05592B6650A5002889BF /* Service */ = {
			isa = PBXGroup;
			children = (
				796F05622B666970002889BF /* HomeService.swift */,
			);
			path = Service;
			sourceTree = "<group>";
		};
		796F05662B6678AE002889BF /* Model */ = {
			isa = PBXGroup;
			children = (
				796F05672B6678B9002889BF /* CommentModel.swift */,
			);
			path = Model;
			sourceTree = "<group>";
		};
/* End PBXGroup section */

/* Begin PBXNativeTarget section */
		796F05362B664CE9002889BF /* MVVM-Network */ = {
			isa = PBXNativeTarget;
			buildConfigurationList = 796F054B2B664CEA002889BF /* Build configuration list for PBXNativeTarget "MVVM-Network" */;
			buildPhases = (
				796F05332B664CE9002889BF /* Sources */,
				796F05342B664CE9002889BF /* Frameworks */,
				796F05352B664CE9002889BF /* Resources */,
			);
			buildRules = (
			);
			dependencies = (
			);
			name = "MVVM-Network";
			productName = "MVVM-Network";
			productReference = 796F05372B664CE9002889BF /* MVVM-Network.app */;
			productType = "com.apple.product-type.application";
		};
/* End PBXNativeTarget section */

/* Begin PBXProject section */
		796F052F2B664CE9002889BF /* Project object */ = {
			isa = PBXProject;
			attributes = {
				BuildIndependentTargetsInParallel = 1;
				LastSwiftUpdateCheck = 1430;
				LastUpgradeCheck = 1430;
				TargetAttributes = {
					796F05362B664CE9002889BF = {
						CreatedOnToolsVersion = 14.3.1;
					};
				};
			};
			buildConfigurationList = 796F05322B664CE9002889BF /* Build configuration list for PBXProject "MVVM-Network" */;
			compatibilityVersion = "Xcode 14.0";
			developmentRegion = en;
			hasScannedForEncodings = 0;
			knownRegions = (
				en,
				Base,
			);
			mainGroup = 796F052E2B664CE9002889BF;
			productRefGroup = 796F05382B664CE9002889BF /* Products */;
			projectDirPath = "";
			projectRoot = "";
			targets = (
				796F05362B664CE9002889BF /* MVVM-Network */,
			);
		};
/* End PBXProject section */

/* Begin PBXResourcesBuildPhase section */
		796F05352B664CE9002889BF /* Resources */ = {
			isa = PBXResourcesBuildPhase;
			buildActionMask = 2147483647;
			files = (
				796F05472B664CEA002889BF /* LaunchScreen.storyboard in Resources */,
				796F05442B664CEA002889BF /* Assets.xcassets in Resources */,
			);
			runOnlyForDeploymentPostprocessing = 0;
		};
/* End PBXResourcesBuildPhase section */

/* Begin PBXSourcesBuildPhase section */
		796F05332B664CE9002889BF /* Sources */ = {
			isa = PBXSourcesBuildPhase;
			buildActionMask = 2147483647;
			files = (
				796F05652B66770A002889BF /* NetworkEndpoints.swift in Sources */,
				796F056A2B6684CF002889BF /* HomeViewModel.swift in Sources */,
				796F055B2B665159002889BF /* NetworkManager.swift in Sources */,
				796F053F2B664CE9002889BF /* HomeViewController.swift in Sources */,
				796F056C2B668B06002889BF /* StateEnum.swift in Sources */,
				796F055F2B6658B9002889BF /* HTTPMethod.swift in Sources */,
				796F05632B666970002889BF /* HomeService.swift in Sources */,
				796F05612B666957002889BF /* PostModel.swift in Sources */,
				796F053B2B664CE9002889BF /* AppDelegate.swift in Sources */,
				796F05682B6678B9002889BF /* CommentModel.swift in Sources */,
				796F053D2B664CE9002889BF /* SceneDelegate.swift in Sources */,
				796F055D2B6652A9002889BF /* NetworkError.swift in Sources */,
			);
			runOnlyForDeploymentPostprocessing = 0;
		};
/* End PBXSourcesBuildPhase section */

/* Begin PBXVariantGroup section */
		796F05452B664CEA002889BF /* LaunchScreen.storyboard */ = {
			isa = PBXVariantGroup;
			children = (
				796F05462B664CEA002889BF /* Base */,
			);
			name = LaunchScreen.storyboard;
			sourceTree = "<group>";
		};
/* End PBXVariantGroup section */

/* Begin XCBuildConfiguration section */
		796F05492B664CEA002889BF /* Debug */ = {
			isa = XCBuildConfiguration;
			buildSettings = {
				ALWAYS_SEARCH_USER_PATHS = NO;
				CLANG_ANALYZER_NONNULL = YES;
				CLANG_ANALYZER_NUMBER_OBJECT_CONVERSION = YES_AGGRESSIVE;
				CLANG_CXX_LANGUAGE_STANDARD = "gnu++20";
				CLANG_ENABLE_MODULES = YES;
				CLANG_ENABLE_OBJC_ARC = YES;
				CLANG_ENABLE_OBJC_WEAK = YES;
				CLANG_WARN_BLOCK_CAPTURE_AUTORELEASING = YES;
				CLANG_WARN_BOOL_CONVERSION = YES;
				CLANG_WARN_COMMA = YES;
				CLANG_WARN_CONSTANT_CONVERSION = YES;
				CLANG_WARN_DEPRECATED_OBJC_IMPLEMENTATIONS = YES;
				CLANG_WARN_DIRECT_OBJC_ISA_USAGE = YES_ERROR;
				CLANG_WARN_DOCUMENTATION_COMMENTS = YES;
				CLANG_WARN_EMPTY_BODY = YES;
				CLANG_WARN_ENUM_CONVERSION = YES;
				CLANG_WARN_INFINITE_RECURSION = YES;
				CLANG_WARN_INT_CONVERSION = YES;
				CLANG_WARN_NON_LITERAL_NULL_CONVERSION = YES;
				CLANG_WARN_OBJC_IMPLICIT_RETAIN_SELF = YES;
				CLANG_WARN_OBJC_LITERAL_CONVERSION = YES;
				CLANG_WARN_OBJC_ROOT_CLASS = YES_ERROR;
				CLANG_WARN_QUOTED_INCLUDE_IN_FRAMEWORK_HEADER = YES;
				CLANG_WARN_RANGE_LOOP_ANALYSIS = YES;
				CLANG_WARN_STRICT_PROTOTYPES = YES;
				CLANG_WARN_SUSPICIOUS_MOVE = YES;
				CLANG_WARN_UNGUARDED_AVAILABILITY = YES_AGGRESSIVE;
				CLANG_WARN_UNREACHABLE_CODE = YES;
				CLANG_WARN__DUPLICATE_METHOD_MATCH = YES;
				COPY_PHASE_STRIP = NO;
				DEBUG_INFORMATION_FORMAT = dwarf;
				ENABLE_STRICT_OBJC_MSGSEND = YES;
				ENABLE_TESTABILITY = YES;
				GCC_C_LANGUAGE_STANDARD = gnu11;
				GCC_DYNAMIC_NO_PIC = NO;
				GCC_NO_COMMON_BLOCKS = YES;
				GCC_OPTIMIZATION_LEVEL = 0;
				GCC_PREPROCESSOR_DEFINITIONS = (
					"DEBUG=1",
					"$(inherited)",
				);
				GCC_WARN_64_TO_32_BIT_CONVERSION = YES;
				GCC_WARN_ABOUT_RETURN_TYPE = YES_ERROR;
				GCC_WARN_UNDECLARED_SELECTOR = YES;
				GCC_WARN_UNINITIALIZED_AUTOS = YES_AGGRESSIVE;
				GCC_WARN_UNUSED_FUNCTION = YES;
				GCC_WARN_UNUSED_VARIABLE = YES;
				IPHONEOS_DEPLOYMENT_TARGET = 16.4;
				MTL_ENABLE_DEBUG_INFO = INCLUDE_SOURCE;
				MTL_FAST_MATH = YES;
				ONLY_ACTIVE_ARCH = YES;
				SDKROOT = iphoneos;
				SWIFT_ACTIVE_COMPILATION_CONDITIONS = DEBUG;
				SWIFT_OPTIMIZATION_LEVEL = "-Onone";
			};
			name = Debug;
		};
		796F054A2B664CEA002889BF /* Release */ = {
			isa = XCBuildConfiguration;
			buildSettings = {
				ALWAYS_SEARCH_USER_PATHS = NO;
				CLANG_ANALYZER_NONNULL = YES;
				CLANG_ANALYZER_NUMBER_OBJECT_CONVERSION = YES_AGGRESSIVE;
				CLANG_CXX_LANGUAGE_STANDARD = "gnu++20";
				CLANG_ENABLE_MODULES = YES;
				CLANG_ENABLE_OBJC_ARC = YES;
				CLANG_ENABLE_OBJC_WEAK = YES;
				CLANG_WARN_BLOCK_CAPTURE_AUTORELEASING = YES;
				CLANG_WARN_BOOL_CONVERSION = YES;
				CLANG_WARN_COMMA = YES;
				CLANG_WARN_CONSTANT_CONVERSION = YES;
				CLANG_WARN_DEPRECATED_OBJC_IMPLEMENTATIONS = YES;
				CLANG_WARN_DIRECT_OBJC_ISA_USAGE = YES_ERROR;
				CLANG_WARN_DOCUMENTATION_COMMENTS = YES;
				CLANG_WARN_EMPTY_BODY = YES;
				CLANG_WARN_ENUM_CONVERSION = YES;
				CLANG_WARN_INFINITE_RECURSION = YES;
				CLANG_WARN_INT_CONVERSION = YES;
				CLANG_WARN_NON_LITERAL_NULL_CONVERSION = YES;
				CLANG_WARN_OBJC_IMPLICIT_RETAIN_SELF = YES;
				CLANG_WARN_OBJC_LITERAL_CONVERSION = YES;
				CLANG_WARN_OBJC_ROOT_CLASS = YES_ERROR;
				CLANG_WARN_QUOTED_INCLUDE_IN_FRAMEWORK_HEADER = YES;
				CLANG_WARN_RANGE_LOOP_ANALYSIS = YES;
				CLANG_WARN_STRICT_PROTOTYPES = YES;
				CLANG_WARN_SUSPICIOUS_MOVE = YES;
				CLANG_WARN_UNGUARDED_AVAILABILITY = YES_AGGRESSIVE;
				CLANG_WARN_UNREACHABLE_CODE = YES;
				CLANG_WARN__DUPLICATE_METHOD_MATCH = YES;
				COPY_PHASE_STRIP = NO;
				DEBUG_INFORMATION_FORMAT = "dwarf-with-dsym";
				ENABLE_NS_ASSERTIONS = NO;
				ENABLE_STRICT_OBJC_MSGSEND = YES;
				GCC_C_LANGUAGE_STANDARD = gnu11;
				GCC_NO_COMMON_BLOCKS = YES;
				GCC_WARN_64_TO_32_BIT_CONVERSION = YES;
				GCC_WARN_ABOUT_RETURN_TYPE = YES_ERROR;
				GCC_WARN_UNDECLARED_SELECTOR = YES;
				GCC_WARN_UNINITIALIZED_AUTOS = YES_AGGRESSIVE;
				GCC_WARN_UNUSED_FUNCTION = YES;
				GCC_WARN_UNUSED_VARIABLE = YES;
				IPHONEOS_DEPLOYMENT_TARGET = 16.4;
				MTL_ENABLE_DEBUG_INFO = NO;
				MTL_FAST_MATH = YES;
				SDKROOT = iphoneos;
				SWIFT_COMPILATION_MODE = wholemodule;
				SWIFT_OPTIMIZATION_LEVEL = "-O";
				VALIDATE_PRODUCT = YES;
			};
			name = Release;
		};
		796F054C2B664CEA002889BF /* Debug */ = {
			isa = XCBuildConfiguration;
			buildSettings = {
				ASSETCATALOG_COMPILER_APPICON_NAME = AppIcon;
				ASSETCATALOG_COMPILER_GLOBAL_ACCENT_COLOR_NAME = AccentColor;
				CODE_SIGN_STYLE = Automatic;
				CURRENT_PROJECT_VERSION = 1;
				GENERATE_INFOPLIST_FILE = YES;
				INFOPLIST_FILE = "MVVM-Network/Info.plist";
				INFOPLIST_KEY_UIApplicationSupportsIndirectInputEvents = YES;
				INFOPLIST_KEY_UILaunchStoryboardName = LaunchScreen;
				INFOPLIST_KEY_UISupportedInterfaceOrientations_iPad = "UIInterfaceOrientationPortrait UIInterfaceOrientationPortraitUpsideDown UIInterfaceOrientationLandscapeLeft UIInterfaceOrientationLandscapeRight";
				INFOPLIST_KEY_UISupportedInterfaceOrientations_iPhone = "UIInterfaceOrientationPortrait UIInterfaceOrientationLandscapeLeft UIInterfaceOrientationLandscapeRight";
				LD_RUNPATH_SEARCH_PATHS = (
					"$(inherited)",
					"@executable_path/Frameworks",
				);
				MARKETING_VERSION = 1.0;
				PRODUCT_BUNDLE_IDENTIFIER = "com.yyeprem.MVVM-Network";
				PRODUCT_NAME = "$(TARGET_NAME)";
				SWIFT_EMIT_LOC_STRINGS = YES;
				SWIFT_VERSION = 5.0;
				TARGETED_DEVICE_FAMILY = "1,2";
			};
			name = Debug;
		};
		796F054D2B664CEA002889BF /* Release */ = {
			isa = XCBuildConfiguration;
			buildSettings = {
				ASSETCATALOG_COMPILER_APPICON_NAME = AppIcon;
				ASSETCATALOG_COMPILER_GLOBAL_ACCENT_COLOR_NAME = AccentColor;
				CODE_SIGN_STYLE = Automatic;
				CURRENT_PROJECT_VERSION = 1;
				GENERATE_INFOPLIST_FILE = YES;
				INFOPLIST_FILE = "MVVM-Network/Info.plist";
				INFOPLIST_KEY_UIApplicationSupportsIndirectInputEvents = YES;
				INFOPLIST_KEY_UILaunchStoryboardName = LaunchScreen;
				INFOPLIST_KEY_UISupportedInterfaceOrientations_iPad = "UIInterfaceOrientationPortrait UIInterfaceOrientationPortraitUpsideDown UIInterfaceOrientationLandscapeLeft UIInterfaceOrientationLandscapeRight";
				INFOPLIST_KEY_UISupportedInterfaceOrientations_iPhone = "UIInterfaceOrientationPortrait UIInterfaceOrientationLandscapeLeft UIInterfaceOrientationLandscapeRight";
				LD_RUNPATH_SEARCH_PATHS = (
					"$(inherited)",
					"@executable_path/Frameworks",
				);
				MARKETING_VERSION = 1.0;
				PRODUCT_BUNDLE_IDENTIFIER = "com.yyeprem.MVVM-Network";
				PRODUCT_NAME = "$(TARGET_NAME)";
				SWIFT_EMIT_LOC_STRINGS = YES;
				SWIFT_VERSION = 5.0;
				TARGETED_DEVICE_FAMILY = "1,2";
			};
			name = Release;
		};
/* End XCBuildConfiguration section */

/* Begin XCConfigurationList section */
		796F05322B664CE9002889BF /* Build configuration list for PBXProject "MVVM-Network" */ = {
			isa = XCConfigurationList;
			buildConfigurations = (
				796F05492B664CEA002889BF /* Debug */,
				796F054A2B664CEA002889BF /* Release */,
			);
			defaultConfigurationIsVisible = 0;
			defaultConfigurationName = Release;
		};
		796F054B2B664CEA002889BF /* Build configuration list for PBXNativeTarget "MVVM-Network" */ = {
			isa = XCConfigurationList;
			buildConfigurations = (
				796F054C2B664CEA002889BF /* Debug */,
				796F054D2B664CEA002889BF /* Release */,
			);
			defaultConfigurationIsVisible = 0;
			defaultConfigurationName = Release;
		};
/* End XCConfigurationList section */
	};
	rootObject = 796F052F2B664CE9002889BF /* Project object */;
}
